// !$*UTF8*$!
{
	archiveVersion = 1;
	classes = {
	};
	objectVersion = 56;
	objects = {

/* Begin PBXBuildFile section */
		9B63FEB92B4BD90900C507D4 /* LipTintContainer.xcdatamodeld in Sources */ = {isa = PBXBuildFile; fileRef = 9B63FEB72B4BD90900C507D4 /* LipTintContainer.xcdatamodeld */; };
		9B63FEBB2B4BDEF900C507D4 /* DataViewModel.swift in Sources */ = {isa = PBXBuildFile; fileRef = 9B63FEBA2B4BDEF900C507D4 /* DataViewModel.swift */; };
		9B8AA76D2B4C4CFE0090B171 /* DataManager.swift in Sources */ = {isa = PBXBuildFile; fileRef = 9B8AA76C2B4C4CFE0090B171 /* DataManager.swift */; };
		9B91A6FA2B51231800B7BBDD /* Store.swift in Sources */ = {isa = PBXBuildFile; fileRef = 9B91A6F92B51231800B7BBDD /* Store.swift */; };
		9BC6AB092A15ED04008D0BD1 /* AppDelegate.swift in Sources */ = {isa = PBXBuildFile; fileRef = 9BC6AB082A15ED04008D0BD1 /* AppDelegate.swift */; };
		9BC6AB0B2A15ED04008D0BD1 /* ContentView.swift in Sources */ = {isa = PBXBuildFile; fileRef = 9BC6AB0A2A15ED04008D0BD1 /* ContentView.swift */; };
		9BC6AB0D2A15ED04008D0BD1 /* Experience.rcproject in Sources */ = {isa = PBXBuildFile; fileRef = 9BC6AB0C2A15ED04008D0BD1 /* Experience.rcproject */; };
		9BC6AB0F2A15ED05008D0BD1 /* Assets.xcassets in Resources */ = {isa = PBXBuildFile; fileRef = 9BC6AB0E2A15ED05008D0BD1 /* Assets.xcassets */; };
		9BC6AB122A15ED05008D0BD1 /* Preview Assets.xcassets in Resources */ = {isa = PBXBuildFile; fileRef = 9BC6AB112A15ED05008D0BD1 /* Preview Assets.xcassets */; };
		9BC6AB1D2A175BA1008D0BD1 /* ColorPage.swift in Sources */ = {isa = PBXBuildFile; fileRef = 9BC6AB1C2A175BA1008D0BD1 /* ColorPage.swift */; };
		9BC6AB1F2A19FDEA008D0BD1 /* ColorButton.swift in Sources */ = {isa = PBXBuildFile; fileRef = 9BC6AB1E2A19FDEA008D0BD1 /* ColorButton.swift */; };
		9BD72AF32B4FF37400B9F3E3 /* TabBar.swift in Sources */ = {isa = PBXBuildFile; fileRef = 9BD72AF22B4FF37400B9F3E3 /* TabBar.swift */; };
/* End PBXBuildFile section */

/* Begin PBXFileReference section */
		9B3BED422A1B80F800EAC1CC /* Info.plist */ = {isa = PBXFileReference; lastKnownFileType = text.plist; path = Info.plist; sourceTree = "<group>"; };
		9B63FEB82B4BD90900C507D4 /* LipTintModel.xcdatamodel */ = {isa = PBXFileReference; lastKnownFileType = wrapper.xcdatamodel; path = LipTintModel.xcdatamodel; sourceTree = "<group>"; };
		9B63FEBA2B4BDEF900C507D4 /* DataViewModel.swift */ = {isa = PBXFileReference; lastKnownFileType = sourcecode.swift; path = DataViewModel.swift; sourceTree = "<group>"; };
		9B8AA76C2B4C4CFE0090B171 /* DataManager.swift */ = {isa = PBXFileReference; lastKnownFileType = sourcecode.swift; path = DataManager.swift; sourceTree = "<group>"; };
		9B91A6F92B51231800B7BBDD /* Store.swift */ = {isa = PBXFileReference; lastKnownFileType = sourcecode.swift; path = Store.swift; sourceTree = "<group>"; };
		9BC6AB052A15ED04008D0BD1 /* NanoChallenge2.app */ = {isa = PBXFileReference; explicitFileType = wrapper.application; includeInIndex = 0; path = NanoChallenge2.app; sourceTree = BUILT_PRODUCTS_DIR; };
		9BC6AB082A15ED04008D0BD1 /* AppDelegate.swift */ = {isa = PBXFileReference; lastKnownFileType = sourcecode.swift; path = AppDelegate.swift; sourceTree = "<group>"; };
		9BC6AB0A2A15ED04008D0BD1 /* ContentView.swift */ = {isa = PBXFileReference; lastKnownFileType = sourcecode.swift; path = ContentView.swift; sourceTree = "<group>"; };
		9BC6AB0C2A15ED04008D0BD1 /* Experience.rcproject */ = {isa = PBXFileReference; lastKnownFileType = file.rcproject; path = Experience.rcproject; sourceTree = "<group>"; };
		9BC6AB0E2A15ED05008D0BD1 /* Assets.xcassets */ = {isa = PBXFileReference; lastKnownFileType = folder.assetcatalog; path = Assets.xcassets; sourceTree = "<group>"; };
		9BC6AB112A15ED05008D0BD1 /* Preview Assets.xcassets */ = {isa = PBXFileReference; lastKnownFileType = folder.assetcatalog; path = "Preview Assets.xcassets"; sourceTree = "<group>"; };
		9BC6AB1C2A175BA1008D0BD1 /* ColorPage.swift */ = {isa = PBXFileReference; lastKnownFileType = sourcecode.swift; path = ColorPage.swift; sourceTree = "<group>"; };
		9BC6AB1E2A19FDEA008D0BD1 /* ColorButton.swift */ = {isa = PBXFileReference; lastKnownFileType = sourcecode.swift; path = ColorButton.swift; sourceTree = "<group>"; };
		9BD72AF22B4FF37400B9F3E3 /* TabBar.swift */ = {isa = PBXFileReference; lastKnownFileType = sourcecode.swift; path = TabBar.swift; sourceTree = "<group>"; };
/* End PBXFileReference section */

/* Begin PBXFrameworksBuildPhase section */
		9BC6AB022A15ED04008D0BD1 /* Frameworks */ = {
			isa = PBXFrameworksBuildPhase;
			buildActionMask = 2147483647;
			files = (
			);
			runOnlyForDeploymentPostprocessing = 0;
		};
/* End PBXFrameworksBuildPhase section */

/* Begin PBXGroup section */
		9B63FEB62B4BD6BE00C507D4 /* DataModel */ = {
			isa = PBXGroup;
			children = (
				9B63FEB72B4BD90900C507D4 /* LipTintContainer.xcdatamodeld */,
				9B63FEBA2B4BDEF900C507D4 /* DataViewModel.swift */,
				9B8AA76C2B4C4CFE0090B171 /* DataManager.swift */,
			);
			path = DataModel;
			sourceTree = "<group>";
		};
		9BC6AAFC2A15ED04008D0BD1 = {
			isa = PBXGroup;
			children = (
				9BC6AB072A15ED04008D0BD1 /* NanoChallenge2 */,
				9BC6AB062A15ED04008D0BD1 /* Products */,
			);
			sourceTree = "<group>";
		};
		9BC6AB062A15ED04008D0BD1 /* Products */ = {
			isa = PBXGroup;
			children = (
				9BC6AB052A15ED04008D0BD1 /* NanoChallenge2.app */,
			);
			name = Products;
			sourceTree = "<group>";
		};
		9BC6AB072A15ED04008D0BD1 /* NanoChallenge2 */ = {
			isa = PBXGroup;
			children = (
				9B3BED422A1B80F800EAC1CC /* Info.plist */,
				9BC6AB192A162F49008D0BD1 /* View */,
				9BC6AB082A15ED04008D0BD1 /* AppDelegate.swift */,
				9BC6AB0A2A15ED04008D0BD1 /* ContentView.swift */,
				9B63FEB62B4BD6BE00C507D4 /* DataModel */,
				9BC6AB0C2A15ED04008D0BD1 /* Experience.rcproject */,
				9BC6AB0E2A15ED05008D0BD1 /* Assets.xcassets */,
				9BC6AB102A15ED05008D0BD1 /* Preview Content */,
			);
			path = NanoChallenge2;
			sourceTree = "<group>";
		};
		9BC6AB102A15ED05008D0BD1 /* Preview Content */ = {
			isa = PBXGroup;
			children = (
				9BC6AB112A15ED05008D0BD1 /* Preview Assets.xcassets */,
			);
			path = "Preview Content";
			sourceTree = "<group>";
		};
		9BC6AB192A162F49008D0BD1 /* View */ = {
			isa = PBXGroup;
			children = (
				9BC6AB1C2A175BA1008D0BD1 /* ColorPage.swift */,
				9BC6AB1E2A19FDEA008D0BD1 /* ColorButton.swift */,
				9BD72AF22B4FF37400B9F3E3 /* TabBar.swift */,
				9B91A6F92B51231800B7BBDD /* Store.swift */,
			);
			path = View;
			sourceTree = "<group>";
		};
/* End PBXGroup section */

/* Begin PBXNativeTarget section */
		9BC6AB042A15ED04008D0BD1 /* NanoChallenge2 */ = {
			isa = PBXNativeTarget;
			buildConfigurationList = 9BC6AB152A15ED05008D0BD1 /* Build configuration list for PBXNativeTarget "NanoChallenge2" */;
			buildPhases = (
				9BC6AB012A15ED04008D0BD1 /* Sources */,
				9BC6AB022A15ED04008D0BD1 /* Frameworks */,
				9BC6AB032A15ED04008D0BD1 /* Resources */,
			);
			buildRules = (
			);
			dependencies = (
			);
			name = NanoChallenge2;
			productName = NanoChallenge2;
			productReference = 9BC6AB052A15ED04008D0BD1 /* NanoChallenge2.app */;
			productType = "com.apple.product-type.application";
		};
/* End PBXNativeTarget section */

/* Begin PBXProject section */
		9BC6AAFD2A15ED04008D0BD1 /* Project object */ = {
			isa = PBXProject;
			attributes = {
				BuildIndependentTargetsInParallel = 1;
				LastSwiftUpdateCheck = 1420;
				LastUpgradeCheck = 1420;
				TargetAttributes = {
					9BC6AB042A15ED04008D0BD1 = {
						CreatedOnToolsVersion = 14.2;
					};
				};
			};
			buildConfigurationList = 9BC6AB002A15ED04008D0BD1 /* Build configuration list for PBXProject "NanoChallenge2" */;
			compatibilityVersion = "Xcode 14.0";
			developmentRegion = en;
			hasScannedForEncodings = 0;
			knownRegions = (
				en,
				Base,
			);
			mainGroup = 9BC6AAFC2A15ED04008D0BD1;
			productRefGroup = 9BC6AB062A15ED04008D0BD1 /* Products */;
			projectDirPath = "";
			projectRoot = "";
			targets = (
				9BC6AB042A15ED04008D0BD1 /* NanoChallenge2 */,
			);
		};
/* End PBXProject section */

/* Begin PBXResourcesBuildPhase section */
		9BC6AB032A15ED04008D0BD1 /* Resources */ = {
			isa = PBXResourcesBuildPhase;
			buildActionMask = 2147483647;
			files = (
				9BC6AB122A15ED05008D0BD1 /* Preview Assets.xcassets in Resources */,
				9BC6AB0F2A15ED05008D0BD1 /* Assets.xcassets in Resources */,
			);
			runOnlyForDeploymentPostprocessing = 0;
		};
/* End PBXResourcesBuildPhase section */

/* Begin PBXSourcesBuildPhase section */
		9BC6AB012A15ED04008D0BD1 /* Sources */ = {
			isa = PBXSourcesBuildPhase;
			buildActionMask = 2147483647;
			files = (
				9B63FEBB2B4BDEF900C507D4 /* DataViewModel.swift in Sources */,
				9B8AA76D2B4C4CFE0090B171 /* DataManager.swift in Sources */,
				9BC6AB1D2A175BA1008D0BD1 /* ColorPage.swift in Sources */,
				9BD72AF32B4FF37400B9F3E3 /* TabBar.swift in Sources */,
				9BC6AB0B2A15ED04008D0BD1 /* ContentView.swift in Sources */,
				9B91A6FA2B51231800B7BBDD /* Store.swift in Sources */,
				9BC6AB1F2A19FDEA008D0BD1 /* ColorButton.swift in Sources */,
				9BC6AB092A15ED04008D0BD1 /* AppDelegate.swift in Sources */,
				9B63FEB92B4BD90900C507D4 /* LipTintContainer.xcdatamodeld in Sources */,
				9BC6AB0D2A15ED04008D0BD1 /* Experience.rcproject in Sources */,
			);
			runOnlyForDeploymentPostprocessing = 0;
		};
/* End PBXSourcesBuildPhase section */

/* Begin XCBuildConfiguration section */
		9BC6AB132A15ED05008D0BD1 /* Debug */ = {
			isa = XCBuildConfiguration;
			buildSettings = {
				ALWAYS_SEARCH_USER_PATHS = NO;
				CLANG_ANALYZER_NONNULL = YES;
				CLANG_ANALYZER_NUMBER_OBJECT_CONVERSION = YES_AGGRESSIVE;
				CLANG_CXX_LANGUAGE_STANDARD = "gnu++20";
				CLANG_ENABLE_MODULES = YES;
				CLANG_ENABLE_OBJC_ARC = YES;
				CLANG_ENABLE_OBJC_WEAK = YES;
				CLANG_WARN_BLOCK_CAPTURE_AUTORELEASING = YES;
				CLANG_WARN_BOOL_CONVERSION = YES;
				CLANG_WARN_COMMA = YES;
				CLANG_WARN_CONSTANT_CONVERSION = YES;
				CLANG_WARN_DEPRECATED_OBJC_IMPLEMENTATIONS = YES;
				CLANG_WARN_DIRECT_OBJC_ISA_USAGE = YES_ERROR;
				CLANG_WARN_DOCUMENTATION_COMMENTS = YES;
				CLANG_WARN_EMPTY_BODY = YES;
				CLANG_WARN_ENUM_CONVERSION = YES;
				CLANG_WARN_INFINITE_RECURSION = YES;
				CLANG_WARN_INT_CONVERSION = YES;
				CLANG_WARN_NON_LITERAL_NULL_CONVERSION = YES;
				CLANG_WARN_OBJC_IMPLICIT_RETAIN_SELF = YES;
				CLANG_WARN_OBJC_LITERAL_CONVERSION = YES;
				CLANG_WARN_OBJC_ROOT_CLASS = YES_ERROR;
				CLANG_WARN_QUOTED_INCLUDE_IN_FRAMEWORK_HEADER = YES;
				CLANG_WARN_RANGE_LOOP_ANALYSIS = YES;
				CLANG_WARN_STRICT_PROTOTYPES = YES;
				CLANG_WARN_SUSPICIOUS_MOVE = YES;
				CLANG_WARN_UNGUARDED_AVAILABILITY = YES_AGGRESSIVE;
				CLANG_WARN_UNREACHABLE_CODE = YES;
				CLANG_WARN__DUPLICATE_METHOD_MATCH = YES;
				COPY_PHASE_STRIP = NO;
				DEBUG_INFORMATION_FORMAT = dwarf;
				ENABLE_STRICT_OBJC_MSGSEND = YES;
				ENABLE_TESTABILITY = YES;
				GCC_C_LANGUAGE_STANDARD = gnu11;
				GCC_DYNAMIC_NO_PIC = NO;
				GCC_NO_COMMON_BLOCKS = YES;
				GCC_OPTIMIZATION_LEVEL = 0;
				GCC_PREPROCESSOR_DEFINITIONS = (
					"DEBUG=1",
					"$(inherited)",
				);
				GCC_WARN_64_TO_32_BIT_CONVERSION = YES;
				GCC_WARN_ABOUT_RETURN_TYPE = YES_ERROR;
				GCC_WARN_UNDECLARED_SELECTOR = YES;
				GCC_WARN_UNINITIALIZED_AUTOS = YES_AGGRESSIVE;
				GCC_WARN_UNUSED_FUNCTION = YES;
				GCC_WARN_UNUSED_VARIABLE = YES;
				IPHONEOS_DEPLOYMENT_TARGET = 16.2;
				MTL_ENABLE_DEBUG_INFO = INCLUDE_SOURCE;
				MTL_FAST_MATH = YES;
				ONLY_ACTIVE_ARCH = YES;
				SDKROOT = iphoneos;
				SWIFT_ACTIVE_COMPILATION_CONDITIONS = DEBUG;
				SWIFT_OPTIMIZATION_LEVEL = "-Onone";
			};
			name = Debug;
		};
		9BC6AB142A15ED05008D0BD1 /* Release */ = {
			isa = XCBuildConfiguration;
			buildSettings = {
				ALWAYS_SEARCH_USER_PATHS = NO;
				CLANG_ANALYZER_NONNULL = YES;
				CLANG_ANALYZER_NUMBER_OBJECT_CONVERSION = YES_AGGRESSIVE;
				CLANG_CXX_LANGUAGE_STANDARD = "gnu++20";
				CLANG_ENABLE_MODULES = YES;
				CLANG_ENABLE_OBJC_ARC = YES;
				CLANG_ENABLE_OBJC_WEAK = YES;
				CLANG_WARN_BLOCK_CAPTURE_AUTORELEASING = YES;
				CLANG_WARN_BOOL_CONVERSION = YES;
				CLANG_WARN_COMMA = YES;
				CLANG_WARN_CONSTANT_CONVERSION = YES;
				CLANG_WARN_DEPRECATED_OBJC_IMPLEMENTATIONS = YES;
				CLANG_WARN_DIRECT_OBJC_ISA_USAGE = YES_ERROR;
				CLANG_WARN_DOCUMENTATION_COMMENTS = YES;
				CLANG_WARN_EMPTY_BODY = YES;
				CLANG_WARN_ENUM_CONVERSION = YES;
				CLANG_WARN_INFINITE_RECURSION = YES;
				CLANG_WARN_INT_CONVERSION = YES;
				CLANG_WARN_NON_LITERAL_NULL_CONVERSION = YES;
				CLANG_WARN_OBJC_IMPLICIT_RETAIN_SELF = YES;
				CLANG_WARN_OBJC_LITERAL_CONVERSION = YES;
				CLANG_WARN_OBJC_ROOT_CLASS = YES_ERROR;
				CLANG_WARN_QUOTED_INCLUDE_IN_FRAMEWORK_HEADER = YES;
				CLANG_WARN_RANGE_LOOP_ANALYSIS = YES;
				CLANG_WARN_STRICT_PROTOTYPES = YES;
				CLANG_WARN_SUSPICIOUS_MOVE = YES;
				CLANG_WARN_UNGUARDED_AVAILABILITY = YES_AGGRESSIVE;
				CLANG_WARN_UNREACHABLE_CODE = YES;
				CLANG_WARN__DUPLICATE_METHOD_MATCH = YES;
				COPY_PHASE_STRIP = NO;
				DEBUG_INFORMATION_FORMAT = "dwarf-with-dsym";
				ENABLE_NS_ASSERTIONS = NO;
				ENABLE_STRICT_OBJC_MSGSEND = YES;
				GCC_C_LANGUAGE_STANDARD = gnu11;
				GCC_NO_COMMON_BLOCKS = YES;
				GCC_WARN_64_TO_32_BIT_CONVERSION = YES;
				GCC_WARN_ABOUT_RETURN_TYPE = YES_ERROR;
				GCC_WARN_UNDECLARED_SELECTOR = YES;
				GCC_WARN_UNINITIALIZED_AUTOS = YES_AGGRESSIVE;
				GCC_WARN_UNUSED_FUNCTION = YES;
				GCC_WARN_UNUSED_VARIABLE = YES;
				IPHONEOS_DEPLOYMENT_TARGET = 16.2;
				MTL_ENABLE_DEBUG_INFO = NO;
				MTL_FAST_MATH = YES;
				SDKROOT = iphoneos;
				SWIFT_COMPILATION_MODE = wholemodule;
				SWIFT_OPTIMIZATION_LEVEL = "-O";
				VALIDATE_PRODUCT = YES;
			};
			name = Release;
		};
		9BC6AB162A15ED05008D0BD1 /* Debug */ = {
			isa = XCBuildConfiguration;
			buildSettings = {
				ASSETCATALOG_COMPILER_APPICON_NAME = AppIcon;
				ASSETCATALOG_COMPILER_GLOBAL_ACCENT_COLOR_NAME = AccentColor;
				CODE_SIGN_STYLE = Automatic;
				CURRENT_PROJECT_VERSION = 1;
				DEVELOPMENT_ASSET_PATHS = "\"NanoChallenge2/Preview Content\"";
				DEVELOPMENT_TEAM = 6N4DT9UMWW;
				ENABLE_PREVIEWS = YES;
				GENERATE_INFOPLIST_FILE = YES;
				INFOPLIST_FILE = NanoChallenge2/Info.plist;
				INFOPLIST_KEY_NSCameraUsageDescription = "";
				INFOPLIST_KEY_NSPhotoLibraryAddUsageDescription = "";
				INFOPLIST_KEY_UIApplicationSupportsIndirectInputEvents = YES;
				INFOPLIST_KEY_UILaunchScreen_Generation = YES;
				INFOPLIST_KEY_UIRequiredDeviceCapabilities = arkit;
				INFOPLIST_KEY_UIStatusBarHidden = YES;
				INFOPLIST_KEY_UISupportedInterfaceOrientations_iPad = "UIInterfaceOrientationPortrait UIInterfaceOrientationPortraitUpsideDown UIInterfaceOrientationLandscapeLeft UIInterfaceOrientationLandscapeRight";
				INFOPLIST_KEY_UISupportedInterfaceOrientations_iPhone = "UIInterfaceOrientationPortrait UIInterfaceOrientationLandscapeLeft UIInterfaceOrientationLandscapeRight";
				LD_RUNPATH_SEARCH_PATHS = (
					"$(inherited)",
					"@executable_path/Frameworks",
				);
				MARKETING_VERSION = 1.0;
				PRODUCT_BUNDLE_IDENTIFIER = Me.NanoChallenge2;
				PRODUCT_NAME = "$(TARGET_NAME)";
				SWIFT_EMIT_LOC_STRINGS = YES;
				SWIFT_VERSION = 5.0;
				TARGETED_DEVICE_FAMILY = "1,2";
			};
			name = Debug;
		};
		9BC6AB172A15ED05008D0BD1 /* Release */ = {
			isa = XCBuildConfiguration;
			buildSettings = {
				ASSETCATALOG_COMPILER_APPICON_NAME = AppIcon;
				ASSETCATALOG_COMPILER_GLOBAL_ACCENT_COLOR_NAME = AccentColor;
				CODE_SIGN_STYLE = Automatic;
				CURRENT_PROJECT_VERSION = 1;
				DEVELOPMENT_ASSET_PATHS = "\"NanoChallenge2/Preview Content\"";
				DEVELOPMENT_TEAM = 6N4DT9UMWW;
				ENABLE_PREVIEWS = YES;
				GENERATE_INFOPLIST_FILE = YES;
				INFOPLIST_FILE = NanoChallenge2/Info.plist;
				INFOPLIST_KEY_NSCameraUsageDescription = "";
				INFOPLIST_KEY_NSPhotoLibraryAddUsageDescription = "";
				INFOPLIST_KEY_UIApplicationSupportsIndirectInputEvents = YES;
				INFOPLIST_KEY_UILaunchScreen_Generation = YES;
				INFOPLIST_KEY_UIRequiredDeviceCapabilities = arkit;
				INFOPLIST_KEY_UIStatusBarHidden = YES;
				INFOPLIST_KEY_UISupportedInterfaceOrientations_iPad = "UIInterfaceOrientationPortrait UIInterfaceOrientationPortraitUpsideDown UIInterfaceOrientationLandscapeLeft UIInterfaceOrientationLandscapeRight";
				INFOPLIST_KEY_UISupportedInterfaceOrientations_iPhone = "UIInterfaceOrientationPortrait UIInterfaceOrientationLandscapeLeft UIInterfaceOrientationLandscapeRight";
				LD_RUNPATH_SEARCH_PATHS = (
					"$(inherited)",
					"@executable_path/Frameworks",
				);
				MARKETING_VERSION = 1.0;
				PRODUCT_BUNDLE_IDENTIFIER = Me.NanoChallenge2;
				PRODUCT_NAME = "$(TARGET_NAME)";
				SWIFT_EMIT_LOC_STRINGS = YES;
				SWIFT_VERSION = 5.0;
				TARGETED_DEVICE_FAMILY = "1,2";
			};
			name = Release;
		};
/* End XCBuildConfiguration section */

/* Begin XCConfigurationList section */
		9BC6AB002A15ED04008D0BD1 /* Build configuration list for PBXProject "NanoChallenge2" */ = {
			isa = XCConfigurationList;
			buildConfigurations = (
				9BC6AB132A15ED05008D0BD1 /* Debug */,
				9BC6AB142A15ED05008D0BD1 /* Release */,
			);
			defaultConfigurationIsVisible = 0;
			defaultConfigurationName = Release;
		};
		9BC6AB152A15ED05008D0BD1 /* Build configuration list for PBXNativeTarget "NanoChallenge2" */ = {
			isa = XCConfigurationList;
			buildConfigurations = (
				9BC6AB162A15ED05008D0BD1 /* Debug */,
				9BC6AB172A15ED05008D0BD1 /* Release */,
			);
			defaultConfigurationIsVisible = 0;
			defaultConfigurationName = Release;
		};
/* End XCConfigurationList section */

/* Begin XCVersionGroup section */
		9B63FEB72B4BD90900C507D4 /* LipTintContainer.xcdatamodeld */ = {
			isa = XCVersionGroup;
			children = (
				9B63FEB82B4BD90900C507D4 /* LipTintModel.xcdatamodel */,
			);
			currentVersion = 9B63FEB82B4BD90900C507D4 /* LipTintModel.xcdatamodel */;
			path = LipTintContainer.xcdatamodeld;
			sourceTree = "<group>";
			versionGroupType = wrapper.xcdatamodel;
		};
/* End XCVersionGroup section */
	};
	rootObject = 9BC6AAFD2A15ED04008D0BD1 /* Project object */;
}
